{
  "version": 4,
  "terraform_version": "1.7.5",
  "serial": 138,
  "lineage": "8aae7d94-57c7-8636-8a48-e443b15aef31",
  "outputs": {},
  "resources": [
    {
      "mode": "managed",
      "type": "aws_internet_gateway",
      "name": "internet_gateway_main_a",
      "provider": "provider[\"registry.terraform.io/hashicorp/aws\"]",
      "instances": [
        {
          "schema_version": 0,
          "attributes": {
            "arn": "arn:aws:ec2:us-west-1:271525114120:internet-gateway/igw-0bba4828c192440fb",
            "id": "igw-0bba4828c192440fb",
            "owner_id": "271525114120",
            "region": "us-west-1",
            "tags": {
              "Name": "IGW-AnyCompany-1"
            },
            "tags_all": {
              "Name": "IGW-AnyCompany-1"
            },
            "timeouts": null,
            "vpc_id": "vpc-00fa887fe40a32637"
          },
          "sensitive_attributes": [],
          "private": "eyJlMmJmYjczMC1lY2FhLTExZTYtOGY4OC0zNDM2M2JjN2M0YzAiOnsiY3JlYXRlIjoxMjAwMDAwMDAwMDAwLCJkZWxldGUiOjEyMDAwMDAwMDAwMDAsInVwZGF0ZSI6MTIwMDAwMDAwMDAwMH19",
          "dependencies": [
            "aws_vpc.main_a"
          ]
        }
      ]
    },
    {
      "mode": "managed",
      "type": "aws_main_route_table_association",
      "name": "association_route_table_public",
      "provider": "provider[\"registry.terraform.io/hashicorp/aws\"]",
      "instances": [
        {
          "schema_version": 0,
          "attributes": {
            "id": "rtbassoc-0654dade04c1a511b",
            "original_route_table_id": "rtb-0a0fa2783271ee2af",
            "region": "us-west-1",
            "route_table_id": "rtb-0f56c898cb45e6a33",
            "timeouts": null,
            "vpc_id": "vpc-00fa887fe40a32637"
          },
          "sensitive_attributes": [],
          "private": "eyJlMmJmYjczMC1lY2FhLTExZTYtOGY4OC0zNDM2M2JjN2M0YzAiOnsiY3JlYXRlIjozMDAwMDAwMDAwMDAsImRlbGV0ZSI6MzAwMDAwMDAwMDAwLCJ1cGRhdGUiOjEyMDAwMDAwMDAwMH19",
          "dependencies": [
            "aws_internet_gateway.internet_gateway_main_a",
            "aws_route_table.route_table_public_anycompany_1",
            "aws_vpc.main_a",
            "aws_vpc.main_b",
            "aws_vpc_peering_connection.vpc_peering"
          ]
        }
      ]
    },
    {
      "mode": "managed",
      "type": "aws_main_route_table_association",
      "name": "route_table_public_anycompany_2",
      "provider": "provider[\"registry.terraform.io/hashicorp/aws\"]",
      "instances": [
        {
          "schema_version": 0,
          "attributes": {
            "id": "rtbassoc-050f486b4453b6732",
            "original_route_table_id": "rtb-0d763ca8f84c7b132",
            "region": "us-west-1",
            "route_table_id": "rtb-06cefa2fccee7945d",
            "timeouts": null,
            "vpc_id": "vpc-081bbaeba52f02aa9"
          },
          "sensitive_attributes": [],
          "private": "eyJlMmJmYjczMC1lY2FhLTExZTYtOGY4OC0zNDM2M2JjN2M0YzAiOnsiY3JlYXRlIjozMDAwMDAwMDAwMDAsImRlbGV0ZSI6MzAwMDAwMDAwMDAwLCJ1cGRhdGUiOjEyMDAwMDAwMDAwMH19",
          "dependencies": [
            "aws_route_table.route_table_public_anycompany_2",
            "aws_vpc.main_a",
            "aws_vpc.main_b",
            "aws_vpc_peering_connection.vpc_peering"
          ]
        }
      ]
    },
    {
      "mode": "managed",
      "type": "aws_route_table",
      "name": "route_table_private_anycompany_1",
      "provider": "provider[\"registry.terraform.io/hashicorp/aws\"]",
      "instances": [
        {
          "schema_version": 0,
          "attributes": {
            "arn": "arn:aws:ec2:us-west-1:271525114120:route-table/rtb-0650592f6aa08d703",
            "id": "rtb-0650592f6aa08d703",
            "owner_id": "271525114120",
            "propagating_vgws": [],
            "region": "us-west-1",
            "route": [],
            "tags": {
              "Name": "RTB-Private-AnyCompany-1"
            },
            "tags_all": {
              "Name": "RTB-Private-AnyCompany-1"
            },
            "timeouts": null,
            "vpc_id": "vpc-00fa887fe40a32637"
          },
          "sensitive_attributes": [],
          "private": "eyJlMmJmYjczMC1lY2FhLTExZTYtOGY4OC0zNDM2M2JjN2M0YzAiOnsiY3JlYXRlIjozMDAwMDAwMDAwMDAsImRlbGV0ZSI6MzAwMDAwMDAwMDAwLCJ1cGRhdGUiOjEyMDAwMDAwMDAwMH19",
          "dependencies": [
            "aws_vpc.main_a"
          ]
        }
      ]
    },
    {
      "mode": "managed",
      "type": "aws_route_table",
      "name": "route_table_public_anycompany_1",
      "provider": "provider[\"registry.terraform.io/hashicorp/aws\"]",
      "instances": [
        {
          "schema_version": 0,
          "attributes": {
            "arn": "arn:aws:ec2:us-west-1:271525114120:route-table/rtb-0f56c898cb45e6a33",
            "id": "rtb-0f56c898cb45e6a33",
            "owner_id": "271525114120",
            "propagating_vgws": [],
            "region": "us-west-1",
            "route": [
              {
                "carrier_gateway_id": "",
                "cidr_block": "0.0.0.0/0",
                "core_network_arn": "",
                "destination_prefix_list_id": "",
                "egress_only_gateway_id": "",
                "gateway_id": "igw-0bba4828c192440fb",
                "ipv6_cidr_block": "",
                "local_gateway_id": "",
                "nat_gateway_id": "",
                "network_interface_id": "",
                "transit_gateway_id": "",
                "vpc_endpoint_id": "",
                "vpc_peering_connection_id": ""
              },
              {
                "carrier_gateway_id": null,
                "cidr_block": "0.0.0.0/0",
                "core_network_arn": null,
                "destination_prefix_list_id": null,
                "egress_only_gateway_id": null,
                "gateway_id": null,
                "ipv6_cidr_block": null,
                "local_gateway_id": null,
                "nat_gateway_id": null,
                "network_interface_id": null,
                "transit_gateway_id": null,
                "vpc_endpoint_id": null,
                "vpc_peering_connection_id": "pcx-0d81868669c5b07d2"
              }
            ],
            "tags": {
              "Name": "RTB-Public-AnyCompany-1"
            },
            "tags_all": {
              "Name": "RTB-Public-AnyCompany-1"
            },
            "timeouts": null,
            "vpc_id": "vpc-00fa887fe40a32637"
          },
          "sensitive_attributes": [],
          "private": "eyJlMmJmYjczMC1lY2FhLTExZTYtOGY4OC0zNDM2M2JjN2M0YzAiOnsiY3JlYXRlIjozMDAwMDAwMDAwMDAsImRlbGV0ZSI6MzAwMDAwMDAwMDAwLCJ1cGRhdGUiOjEyMDAwMDAwMDAwMH19",
          "dependencies": [
            "aws_internet_gateway.internet_gateway_main_a",
            "aws_vpc.main_a",
            "aws_vpc.main_b",
            "aws_vpc_peering_connection.vpc_peering"
          ]
        }
      ]
    },
    {
      "mode": "managed",
      "type": "aws_route_table",
      "name": "route_table_public_anycompany_2",
      "provider": "provider[\"registry.terraform.io/hashicorp/aws\"]",
      "instances": [
        {
          "schema_version": 0,
          "attributes": {
            "arn": "arn:aws:ec2:us-west-1:271525114120:route-table/rtb-06cefa2fccee7945d",
            "id": "rtb-06cefa2fccee7945d",
            "owner_id": "271525114120",
            "propagating_vgws": [],
            "region": "us-west-1",
            "route": [
              {
                "carrier_gateway_id": "",
                "cidr_block": "0.0.0.0/0",
                "core_network_arn": "",
                "destination_prefix_list_id": "",
                "egress_only_gateway_id": "",
                "gateway_id": "",
                "ipv6_cidr_block": "",
                "local_gateway_id": "",
                "nat_gateway_id": "",
                "network_interface_id": "",
                "transit_gateway_id": "",
                "vpc_endpoint_id": "",
                "vpc_peering_connection_id": "pcx-0d81868669c5b07d2"
              }
            ],
            "tags": {
              "Name": "RTB-Public-AnyCompany-2"
            },
            "tags_all": {
              "Name": "RTB-Public-AnyCompany-2"
            },
            "timeouts": null,
            "vpc_id": "vpc-081bbaeba52f02aa9"
          },
          "sensitive_attributes": [],
          "private": "eyJlMmJmYjczMC1lY2FhLTExZTYtOGY4OC0zNDM2M2JjN2M0YzAiOnsiY3JlYXRlIjozMDAwMDAwMDAwMDAsImRlbGV0ZSI6MzAwMDAwMDAwMDAwLCJ1cGRhdGUiOjEyMDAwMDAwMDAwMH19",
          "dependencies": [
            "aws_vpc.main_a",
            "aws_vpc.main_b",
            "aws_vpc_peering_connection.vpc_peering"
          ]
        }
      ]
    },
    {
      "mode": "managed",
      "type": "aws_route_table_association",
      "name": "route_table_association_private",
      "provider": "provider[\"registry.terraform.io/hashicorp/aws\"]",
      "instances": [
        {
          "schema_version": 0,
          "attributes": {
            "gateway_id": "",
            "id": "rtbassoc-0c83e5ad3e4baf75f",
            "region": "us-west-1",
            "route_table_id": "rtb-0650592f6aa08d703",
            "subnet_id": "subnet-04e560a4efb54fd55",
            "timeouts": null
          },
          "sensitive_attributes": [],
          "private": "eyJlMmJmYjczMC1lY2FhLTExZTYtOGY4OC0zNDM2M2JjN2M0YzAiOnsiY3JlYXRlIjozMDAwMDAwMDAwMDAsImRlbGV0ZSI6MzAwMDAwMDAwMDAwLCJ1cGRhdGUiOjEyMDAwMDAwMDAwMH19",
          "dependencies": [
            "aws_route_table.route_table_private_anycompany_1",
            "aws_subnet.main_b",
            "aws_vpc.main_a"
          ]
        }
      ]
    },
    {
      "mode": "managed",
      "type": "aws_route_table_association",
      "name": "route_table_association_public",
      "provider": "provider[\"registry.terraform.io/hashicorp/aws\"]",
      "instances": [
        {
          "schema_version": 0,
          "attributes": {
            "gateway_id": "",
            "id": "rtbassoc-03f3c4c32dc0f7f84",
            "region": "us-west-1",
            "route_table_id": "rtb-0f56c898cb45e6a33",
            "subnet_id": "subnet-0ca508c51c4376261",
            "timeouts": null
          },
          "sensitive_attributes": [],
          "private": "eyJlMmJmYjczMC1lY2FhLTExZTYtOGY4OC0zNDM2M2JjN2M0YzAiOnsiY3JlYXRlIjozMDAwMDAwMDAwMDAsImRlbGV0ZSI6MzAwMDAwMDAwMDAwLCJ1cGRhdGUiOjEyMDAwMDAwMDAwMH19",
          "dependencies": [
            "aws_internet_gateway.internet_gateway_main_a",
            "aws_route_table.route_table_public_anycompany_1",
            "aws_subnet.main_a",
            "aws_vpc.main_a",
            "aws_vpc.main_b",
            "aws_vpc_peering_connection.vpc_peering"
          ]
        }
      ]
    },
    {
      "mode": "managed",
      "type": "aws_subnet",
      "name": "main_a",
      "provider": "provider[\"registry.terraform.io/hashicorp/aws\"]",
      "instances": [
        {
          "schema_version": 1,
          "attributes": {
            "arn": "arn:aws:ec2:us-west-1:271525114120:subnet/subnet-0ca508c51c4376261",
            "assign_ipv6_address_on_creation": false,
            "availability_zone": "us-west-1b",
            "availability_zone_id": "usw1-az3",
            "cidr_block": "172.41.0.0/20",
            "customer_owned_ipv4_pool": "",
            "enable_dns64": false,
            "enable_lni_at_device_index": 0,
            "enable_resource_name_dns_a_record_on_launch": false,
            "enable_resource_name_dns_aaaa_record_on_launch": false,
            "id": "subnet-0ca508c51c4376261",
            "ipv6_cidr_block": "",
            "ipv6_cidr_block_association_id": "",
            "ipv6_native": false,
            "map_customer_owned_ip_on_launch": false,
            "map_public_ip_on_launch": false,
            "outpost_arn": "",
            "owner_id": "271525114120",
            "private_dns_hostname_type_on_launch": "ip-name",
            "region": "us-west-1",
            "tags": {
              "Name": "Subnet-A",
              "VPC": "VPC-AnyCompany-1"
            },
            "tags_all": {
              "Name": "Subnet-A",
              "VPC": "VPC-AnyCompany-1"
            },
            "timeouts": null,
            "vpc_id": "vpc-00fa887fe40a32637"
          },
          "sensitive_attributes": [],
          "private": "eyJlMmJmYjczMC1lY2FhLTExZTYtOGY4OC0zNDM2M2JjN2M0YzAiOnsiY3JlYXRlIjo2MDAwMDAwMDAwMDAsImRlbGV0ZSI6MTIwMDAwMDAwMDAwMH0sInNjaGVtYV92ZXJzaW9uIjoiMSJ9",
          "dependencies": [
            "aws_vpc.main_a"
          ]
        }
      ]
    },
    {
      "mode": "managed",
      "type": "aws_subnet",
      "name": "main_b",
      "provider": "provider[\"registry.terraform.io/hashicorp/aws\"]",
      "instances": [
        {
          "schema_version": 1,
          "attributes": {
            "arn": "arn:aws:ec2:us-west-1:271525114120:subnet/subnet-04e560a4efb54fd55",
            "assign_ipv6_address_on_creation": false,
            "availability_zone": "us-west-1c",
            "availability_zone_id": "usw1-az1",
            "cidr_block": "172.41.16.0/20",
            "customer_owned_ipv4_pool": "",
            "enable_dns64": false,
            "enable_lni_at_device_index": 0,
            "enable_resource_name_dns_a_record_on_launch": false,
            "enable_resource_name_dns_aaaa_record_on_launch": false,
            "id": "subnet-04e560a4efb54fd55",
            "ipv6_cidr_block": "",
            "ipv6_cidr_block_association_id": "",
            "ipv6_native": false,
            "map_customer_owned_ip_on_launch": false,
            "map_public_ip_on_launch": false,
            "outpost_arn": "",
            "owner_id": "271525114120",
            "private_dns_hostname_type_on_launch": "ip-name",
            "region": "us-west-1",
            "tags": {
              "Name": "Subnet-B",
              "VPC": "VPC-AnyCompany-1"
            },
            "tags_all": {
              "Name": "Subnet-B",
              "VPC": "VPC-AnyCompany-1"
            },
            "timeouts": null,
            "vpc_id": "vpc-00fa887fe40a32637"
          },
          "sensitive_attributes": [],
          "private": "eyJlMmJmYjczMC1lY2FhLTExZTYtOGY4OC0zNDM2M2JjN2M0YzAiOnsiY3JlYXRlIjo2MDAwMDAwMDAwMDAsImRlbGV0ZSI6MTIwMDAwMDAwMDAwMH0sInNjaGVtYV92ZXJzaW9uIjoiMSJ9",
          "dependencies": [
            "aws_vpc.main_a"
          ]
        }
      ]
    },
    {
      "mode": "managed",
      "type": "aws_vpc",
      "name": "main_a",
      "provider": "provider[\"registry.terraform.io/hashicorp/aws\"]",
      "instances": [
        {
          "schema_version": 1,
          "attributes": {
            "arn": "arn:aws:ec2:us-west-1:271525114120:vpc/vpc-00fa887fe40a32637",
            "assign_generated_ipv6_cidr_block": false,
            "cidr_block": "172.41.0.0/16",
            "default_network_acl_id": "acl-021d62005a338d843",
            "default_route_table_id": "rtb-0f56c898cb45e6a33",
            "default_security_group_id": "sg-0ed0a9b51c46201f1",
            "dhcp_options_id": "dopt-0ffff8b1a1c0d188d",
            "enable_dns_hostnames": false,
            "enable_dns_support": true,
            "enable_network_address_usage_metrics": false,
            "id": "vpc-00fa887fe40a32637",
            "instance_tenancy": "default",
            "ipv4_ipam_pool_id": null,
            "ipv4_netmask_length": null,
            "ipv6_association_id": "",
            "ipv6_cidr_block": "",
            "ipv6_cidr_block_network_border_group": "",
            "ipv6_ipam_pool_id": "",
            "ipv6_netmask_length": 0,
            "main_route_table_id": "rtb-0f56c898cb45e6a33",
            "owner_id": "271525114120",
            "region": "us-west-1",
            "tags": {
              "Name": "VPC-AnyCompany-1"
            },
            "tags_all": {
              "Name": "VPC-AnyCompany-1"
            }
          },
          "sensitive_attributes": [],
          "private": "eyJzY2hlbWFfdmVyc2lvbiI6IjEifQ=="
        }
      ]
    },
    {
      "mode": "managed",
      "type": "aws_vpc",
      "name": "main_b",
      "provider": "provider[\"registry.terraform.io/hashicorp/aws\"]",
      "instances": [
        {
          "schema_version": 1,
          "attributes": {
            "arn": "arn:aws:ec2:us-west-1:271525114120:vpc/vpc-081bbaeba52f02aa9",
            "assign_generated_ipv6_cidr_block": false,
            "cidr_block": "172.51.0.0/16",
            "default_network_acl_id": "acl-04a8e00e2f383cac6",
            "default_route_table_id": "rtb-06cefa2fccee7945d",
            "default_security_group_id": "sg-003c598d86dddb8b8",
            "dhcp_options_id": "dopt-0ffff8b1a1c0d188d",
            "enable_dns_hostnames": false,
            "enable_dns_support": true,
            "enable_network_address_usage_metrics": false,
            "id": "vpc-081bbaeba52f02aa9",
            "instance_tenancy": "default",
            "ipv4_ipam_pool_id": null,
            "ipv4_netmask_length": null,
            "ipv6_association_id": "",
            "ipv6_cidr_block": "",
            "ipv6_cidr_block_network_border_group": "",
            "ipv6_ipam_pool_id": "",
            "ipv6_netmask_length": 0,
            "main_route_table_id": "rtb-06cefa2fccee7945d",
            "owner_id": "271525114120",
            "region": "us-west-1",
            "tags": {
              "Name": "VPC-AnyCompany-2"
            },
            "tags_all": {
              "Name": "VPC-AnyCompany-2"
            }
          },
          "sensitive_attributes": [],
          "private": "eyJzY2hlbWFfdmVyc2lvbiI6IjEifQ=="
        }
      ]
    },
    {
      "mode": "managed",
      "type": "aws_vpc_peering_connection",
      "name": "vpc_peering",
      "provider": "provider[\"registry.terraform.io/hashicorp/aws\"]",
      "instances": [
        {
          "schema_version": 0,
          "attributes": {
            "accept_status": "active",
            "accepter": [
              {
                "allow_remote_vpc_dns_resolution": false
              }
            ],
            "auto_accept": true,
            "id": "pcx-0d81868669c5b07d2",
            "peer_owner_id": "271525114120",
            "peer_region": "us-west-1",
            "peer_vpc_id": "vpc-081bbaeba52f02aa9",
            "region": "us-west-1",
            "requester": [
              {
                "allow_remote_vpc_dns_resolution": false
              }
            ],
            "tags": {
              "Name": "VPC-Peering-AnyCompany"
            },
            "tags_all": {
              "Name": "VPC-Peering-AnyCompany"
            },
            "timeouts": null,
            "vpc_id": "vpc-00fa887fe40a32637"
          },
          "sensitive_attributes": [],
          "private": "eyJlMmJmYjczMC1lY2FhLTExZTYtOGY4OC0zNDM2M2JjN2M0YzAiOnsiY3JlYXRlIjo2MDAwMDAwMDAwMCwiZGVsZXRlIjo2MDAwMDAwMDAwMCwidXBkYXRlIjo2MDAwMDAwMDAwMH19",
          "dependencies": [
            "aws_vpc.main_a",
            "aws_vpc.main_b"
          ]
        }
      ]
    }
  ],
  "check_results": null
}
